
Microsoft Visual Studio Solution File, Format Version 12.00
# Visual Studio 15
VisualStudioVersion = 15.0.27428.2037
MinimumVisualStudioVersion = 10.0.40219.1
Project("{FAE04EC0-301F-11D3-BF4B-00C04F79EFBC}") = "TestRepoConsoleApp", "TestRepoConsoleApp\TestRepoConsoleApp.csproj", "{7D63A17A-DE3B-457F-A879-4C8C6AB770B5}"
EndProject
Global
	GlobalSection(SolutionConfigurationPlatforms) = preSolution
		Debug|Any CPU = Debug|Any CPU
		Release|Any CPU = Release|Any CPU
	EndGlobalSection
	GlobalSection(ProjectConfigurationPlatforms) = postSolution
		{7D63A17A-DE3B-457F-A879-4C8C6AB770B5}.Debug|Any CPU.ActiveCfg = Debug|Any CPU
		{7D63A17A-DE3B-457F-A879-4C8C6AB770B5}.Debug|Any CPU.Build.0 = Debug|Any CPU
		{7D63A17A-DE3B-457F-A879-4C8C6AB770B5}.Release|Any CPU.ActiveCfg = Release|Any CPU
		{7D63A17A-DE3B-457F-A879-4C8C6AB770B5}.Release|Any CPU.Build.0 = Release|Any CPU
	EndGlobalSection
	GlobalSection(SolutionProperties) = preSolution
		HideSolutionNode = FALSE
	EndGlobalSection
	GlobalSection(ExtensibilityGlobals) = postSolution
		SolutionGuid = {4389622C-C777-4D82-80AF-712CA94C633E}
	EndGlobalSection
EndGlobal
